// !$*UTF8*$!
{
	archiveVersion = 1;
	classes = {
	};
	objectVersion = 50;
	objects = {

/* Begin PBXBuildFile section */
		FDFEBF4C222E174600FD2687 /* AppDelegate.swift in Sources */ = {isa = PBXBuildFile; fileRef = FDFEBF4B222E174600FD2687 /* AppDelegate.swift */; };
		FDFEBF4E222E174600FD2687 /* ViewController.swift in Sources */ = {isa = PBXBuildFile; fileRef = FDFEBF4D222E174600FD2687 /* ViewController.swift */; };
		FDFEBF51222E174600FD2687 /* Main.storyboard in Resources */ = {isa = PBXBuildFile; fileRef = FDFEBF4F222E174600FD2687 /* Main.storyboard */; };
		FDFEBF53222E174800FD2687 /* Assets.xcassets in Resources */ = {isa = PBXBuildFile; fileRef = FDFEBF52222E174800FD2687 /* Assets.xcassets */; };
		FDFEBF56222E174800FD2687 /* LaunchScreen.storyboard in Resources */ = {isa = PBXBuildFile; fileRef = FDFEBF54222E174800FD2687 /* LaunchScreen.storyboard */; };
		FDFEBF61222E174800FD2687 /* SwitchBotTests.swift in Sources */ = {isa = PBXBuildFile; fileRef = FDFEBF60222E174800FD2687 /* SwitchBotTests.swift */; };
		FDFEBF6C222E174800FD2687 /* SwitchBotUITests.swift in Sources */ = {isa = PBXBuildFile; fileRef = FDFEBF6B222E174800FD2687 /* SwitchBotUITests.swift */; };
		FDFEBF7B222E17E300FD2687 /* CoreBluetooth.framework in Frameworks */ = {isa = PBXBuildFile; fileRef = FDFEBF7A222E17E300FD2687 /* CoreBluetooth.framework */; };
/* End PBXBuildFile section */

/* Begin PBXContainerItemProxy section */
		FDFEBF5D222E174800FD2687 /* PBXContainerItemProxy */ = {
			isa = PBXContainerItemProxy;
			containerPortal = FDFEBF40222E174600FD2687 /* Project object */;
			proxyType = 1;
			remoteGlobalIDString = FDFEBF47222E174600FD2687;
			remoteInfo = SwitchBot;
		};
		FDFEBF68222E174800FD2687 /* PBXContainerItemProxy */ = {
			isa = PBXContainerItemProxy;
			containerPortal = FDFEBF40222E174600FD2687 /* Project object */;
			proxyType = 1;
			remoteGlobalIDString = FDFEBF47222E174600FD2687;
			remoteInfo = SwitchBot;
		};
/* End PBXContainerItemProxy section */

/* Begin PBXFileReference section */
		FDFEBF48222E174600FD2687 /* SwitchBot.app */ = {isa = PBXFileReference; explicitFileType = wrapper.application; includeInIndex = 0; path = SwitchBot.app; sourceTree = BUILT_PRODUCTS_DIR; };
		FDFEBF4B222E174600FD2687 /* AppDelegate.swift */ = {isa = PBXFileReference; lastKnownFileType = sourcecode.swift; path = AppDelegate.swift; sourceTree = "<group>"; };
		FDFEBF4D222E174600FD2687 /* ViewController.swift */ = {isa = PBXFileReference; lastKnownFileType = sourcecode.swift; path = ViewController.swift; sourceTree = "<group>"; };
		FDFEBF50222E174600FD2687 /* Base */ = {isa = PBXFileReference; lastKnownFileType = file.storyboard; name = Base; path = Base.lproj/Main.storyboard; sourceTree = "<group>"; };
		FDFEBF52222E174800FD2687 /* Assets.xcassets */ = {isa = PBXFileReference; lastKnownFileType = folder.assetcatalog; path = Assets.xcassets; sourceTree = "<group>"; };
		FDFEBF55222E174800FD2687 /* Base */ = {isa = PBXFileReference; lastKnownFileType = file.storyboard; name = Base; path = Base.lproj/LaunchScreen.storyboard; sourceTree = "<group>"; };
		FDFEBF57222E174800FD2687 /* Info.plist */ = {isa = PBXFileReference; lastKnownFileType = text.plist.xml; path = Info.plist; sourceTree = "<group>"; };
		FDFEBF5C222E174800FD2687 /* SwitchBotTests.xctest */ = {isa = PBXFileReference; explicitFileType = wrapper.cfbundle; includeInIndex = 0; path = SwitchBotTests.xctest; sourceTree = BUILT_PRODUCTS_DIR; };
		FDFEBF60222E174800FD2687 /* SwitchBotTests.swift */ = {isa = PBXFileReference; lastKnownFileType = sourcecode.swift; path = SwitchBotTests.swift; sourceTree = "<group>"; };
		FDFEBF62222E174800FD2687 /* Info.plist */ = {isa = PBXFileReference; lastKnownFileType = text.plist.xml; path = Info.plist; sourceTree = "<group>"; };
		FDFEBF67222E174800FD2687 /* SwitchBotUITests.xctest */ = {isa = PBXFileReference; explicitFileType = wrapper.cfbundle; includeInIndex = 0; path = SwitchBotUITests.xctest; sourceTree = BUILT_PRODUCTS_DIR; };
		FDFEBF6B222E174800FD2687 /* SwitchBotUITests.swift */ = {isa = PBXFileReference; lastKnownFileType = sourcecode.swift; path = SwitchBotUITests.swift; sourceTree = "<group>"; };
		FDFEBF6D222E174800FD2687 /* Info.plist */ = {isa = PBXFileReference; lastKnownFileType = text.plist.xml; path = Info.plist; sourceTree = "<group>"; };
		FDFEBF7A222E17E300FD2687 /* CoreBluetooth.framework */ = {isa = PBXFileReference; lastKnownFileType = wrapper.framework; name = CoreBluetooth.framework; path = System/Library/Frameworks/CoreBluetooth.framework; sourceTree = SDKROOT; };
/* End PBXFileReference section */

/* Begin PBXFrameworksBuildPhase section */
		FDFEBF45222E174600FD2687 /* Frameworks */ = {
			isa = PBXFrameworksBuildPhase;
			buildActionMask = 2147483647;
			files = (
				FDFEBF7B222E17E300FD2687 /* CoreBluetooth.framework in Frameworks */,
			);
			runOnlyForDeploymentPostprocessing = 0;
		};
		FDFEBF59222E174800FD2687 /* Frameworks */ = {
			isa = PBXFrameworksBuildPhase;
			buildActionMask = 2147483647;
			files = (
			);
			runOnlyForDeploymentPostprocessing = 0;
		};
		FDFEBF64222E174800FD2687 /* Frameworks */ = {
			isa = PBXFrameworksBuildPhase;
			buildActionMask = 2147483647;
			files = (
			);
			runOnlyForDeploymentPostprocessing = 0;
		};
/* End PBXFrameworksBuildPhase section */

/* Begin PBXGroup section */
		FDFEBF3F222E174600FD2687 = {
			isa = PBXGroup;
			children = (
				FDFEBF4A222E174600FD2687 /* SwitchBot */,
				FDFEBF5F222E174800FD2687 /* SwitchBotTests */,
				FDFEBF6A222E174800FD2687 /* SwitchBotUITests */,
				FDFEBF49222E174600FD2687 /* Products */,
				FDFEBF79222E17E200FD2687 /* Frameworks */,
			);
			sourceTree = "<group>";
		};
		FDFEBF49222E174600FD2687 /* Products */ = {
			isa = PBXGroup;
			children = (
				FDFEBF48222E174600FD2687 /* SwitchBot.app */,
				FDFEBF5C222E174800FD2687 /* SwitchBotTests.xctest */,
				FDFEBF67222E174800FD2687 /* SwitchBotUITests.xctest */,
			);
			name = Products;
			sourceTree = "<group>";
		};
		FDFEBF4A222E174600FD2687 /* SwitchBot */ = {
			isa = PBXGroup;
			children = (
				FDFEBF4B222E174600FD2687 /* AppDelegate.swift */,
				FDFEBF4D222E174600FD2687 /* ViewController.swift */,
				FDFEBF4F222E174600FD2687 /* Main.storyboard */,
				FDFEBF52222E174800FD2687 /* Assets.xcassets */,
				FDFEBF54222E174800FD2687 /* LaunchScreen.storyboard */,
				FDFEBF57222E174800FD2687 /* Info.plist */,
			);
			path = SwitchBot;
			sourceTree = "<group>";
		};
		FDFEBF5F222E174800FD2687 /* SwitchBotTests */ = {
			isa = PBXGroup;
			children = (
				FDFEBF60222E174800FD2687 /* SwitchBotTests.swift */,
				FDFEBF62222E174800FD2687 /* Info.plist */,
			);
			path = SwitchBotTests;
			sourceTree = "<group>";
		};
		FDFEBF6A222E174800FD2687 /* SwitchBotUITests */ = {
			isa = PBXGroup;
			children = (
				FDFEBF6B222E174800FD2687 /* SwitchBotUITests.swift */,
				FDFEBF6D222E174800FD2687 /* Info.plist */,
			);
			path = SwitchBotUITests;
			sourceTree = "<group>";
		};
		FDFEBF79222E17E200FD2687 /* Frameworks */ = {
			isa = PBXGroup;
			children = (
				FDFEBF7A222E17E300FD2687 /* CoreBluetooth.framework */,
			);
			name = Frameworks;
			sourceTree = "<group>";
		};
/* End PBXGroup section */

/* Begin PBXNativeTarget section */
		FDFEBF47222E174600FD2687 /* SwitchBot */ = {
			isa = PBXNativeTarget;
			buildConfigurationList = FDFEBF70222E174800FD2687 /* Build configuration list for PBXNativeTarget "SwitchBot" */;
			buildPhases = (
				FDFEBF44222E174600FD2687 /* Sources */,
				FDFEBF45222E174600FD2687 /* Frameworks */,
				FDFEBF46222E174600FD2687 /* Resources */,
			);
			buildRules = (
			);
			dependencies = (
			);
			name = SwitchBot;
			productName = SwitchBot;
			productReference = FDFEBF48222E174600FD2687 /* SwitchBot.app */;
			productType = "com.apple.product-type.application";
		};
		FDFEBF5B222E174800FD2687 /* SwitchBotTests */ = {
			isa = PBXNativeTarget;
			buildConfigurationList = FDFEBF73222E174800FD2687 /* Build configuration list for PBXNativeTarget "SwitchBotTests" */;
			buildPhases = (
				FDFEBF58222E174800FD2687 /* Sources */,
				FDFEBF59222E174800FD2687 /* Frameworks */,
				FDFEBF5A222E174800FD2687 /* Resources */,
			);
			buildRules = (
			);
			dependencies = (
				FDFEBF5E222E174800FD2687 /* PBXTargetDependency */,
			);
			name = SwitchBotTests;
			productName = SwitchBotTests;
			productReference = FDFEBF5C222E174800FD2687 /* SwitchBotTests.xctest */;
			productType = "com.apple.product-type.bundle.unit-test";
		};
		FDFEBF66222E174800FD2687 /* SwitchBotUITests */ = {
			isa = PBXNativeTarget;
			buildConfigurationList = FDFEBF76222E174800FD2687 /* Build configuration list for PBXNativeTarget "SwitchBotUITests" */;
			buildPhases = (
				FDFEBF63222E174800FD2687 /* Sources */,
				FDFEBF64222E174800FD2687 /* Frameworks */,
				FDFEBF65222E174800FD2687 /* Resources */,
			);
			buildRules = (
			);
			dependencies = (
				FDFEBF69222E174800FD2687 /* PBXTargetDependency */,
			);
			name = SwitchBotUITests;
			productName = SwitchBotUITests;
			productReference = FDFEBF67222E174800FD2687 /* SwitchBotUITests.xctest */;
			productType = "com.apple.product-type.bundle.ui-testing";
		};
/* End PBXNativeTarget section */

/* Begin PBXProject section */
		FDFEBF40222E174600FD2687 /* Project object */ = {
			isa = PBXProject;
			attributes = {
				LastSwiftUpdateCheck = 1010;
				LastUpgradeCheck = 1010;
				ORGANIZATIONNAME = "Minhajul Russell";
				TargetAttributes = {
					FDFEBF47222E174600FD2687 = {
						CreatedOnToolsVersion = 10.1;
					};
					FDFEBF5B222E174800FD2687 = {
						CreatedOnToolsVersion = 10.1;
						TestTargetID = FDFEBF47222E174600FD2687;
					};
					FDFEBF66222E174800FD2687 = {
						CreatedOnToolsVersion = 10.1;
						TestTargetID = FDFEBF47222E174600FD2687;
					};
				};
			};
			buildConfigurationList = FDFEBF43222E174600FD2687 /* Build configuration list for PBXProject "SwitchBot" */;
			compatibilityVersion = "Xcode 9.3";
			developmentRegion = en;
			hasScannedForEncodings = 0;
			knownRegions = (
				en,
				Base,
			);
			mainGroup = FDFEBF3F222E174600FD2687;
			productRefGroup = FDFEBF49222E174600FD2687 /* Products */;
			projectDirPath = "";
			projectRoot = "";
			targets = (
				FDFEBF47222E174600FD2687 /* SwitchBot */,
				FDFEBF5B222E174800FD2687 /* SwitchBotTests */,
				FDFEBF66222E174800FD2687 /* SwitchBotUITests */,
			);
		};
/* End PBXProject section */

/* Begin PBXResourcesBuildPhase section */
		FDFEBF46222E174600FD2687 /* Resources */ = {
			isa = PBXResourcesBuildPhase;
			buildActionMask = 2147483647;
			files = (
				FDFEBF56222E174800FD2687 /* LaunchScreen.storyboard in Resources */,
				FDFEBF53222E174800FD2687 /* Assets.xcassets in Resources */,
				FDFEBF51222E174600FD2687 /* Main.storyboard in Resources */,
			);
			runOnlyForDeploymentPostprocessing = 0;
		};
		FDFEBF5A222E174800FD2687 /* Resources */ = {
			isa = PBXResourcesBuildPhase;
			buildActionMask = 2147483647;
			files = (
			);
			runOnlyForDeploymentPostprocessing = 0;
		};
		FDFEBF65222E174800FD2687 /* Resources */ = {
			isa = PBXResourcesBuildPhase;
			buildActionMask = 2147483647;
			files = (
			);
			runOnlyForDeploymentPostprocessing = 0;
		};
/* End PBXResourcesBuildPhase section */

/* Begin PBXSourcesBuildPhase section */
		FDFEBF44222E174600FD2687 /* Sources */ = {
			isa = PBXSourcesBuildPhase;
			buildActionMask = 2147483647;
			files = (
				FDFEBF4E222E174600FD2687 /* ViewController.swift in Sources */,
				FDFEBF4C222E174600FD2687 /* AppDelegate.swift in Sources */,
			);
			runOnlyForDeploymentPostprocessing = 0;
		};
		FDFEBF58222E174800FD2687 /* Sources */ = {
			isa = PBXSourcesBuildPhase;
			buildActionMask = 2147483647;
			files = (
				FDFEBF61222E174800FD2687 /* SwitchBotTests.swift in Sources */,
			);
			runOnlyForDeploymentPostprocessing = 0;
		};
		FDFEBF63222E174800FD2687 /* Sources */ = {
			isa = PBXSourcesBuildPhase;
			buildActionMask = 2147483647;
			files = (
				FDFEBF6C222E174800FD2687 /* SwitchBotUITests.swift in Sources */,
			);
			runOnlyForDeploymentPostprocessing = 0;
		};
/* End PBXSourcesBuildPhase section */

/* Begin PBXTargetDependency section */
		FDFEBF5E222E174800FD2687 /* PBXTargetDependency */ = {
			isa = PBXTargetDependency;
			target = FDFEBF47222E174600FD2687 /* SwitchBot */;
			targetProxy = FDFEBF5D222E174800FD2687 /* PBXContainerItemProxy */;
		};
		FDFEBF69222E174800FD2687 /* PBXTargetDependency */ = {
			isa = PBXTargetDependency;
			target = FDFEBF47222E174600FD2687 /* SwitchBot */;
			targetProxy = FDFEBF68222E174800FD2687 /* PBXContainerItemProxy */;
		};
/* End PBXTargetDependency section */

/* Begin PBXVariantGroup section */
		FDFEBF4F222E174600FD2687 /* Main.storyboard */ = {
			isa = PBXVariantGroup;
			children = (
				FDFEBF50222E174600FD2687 /* Base */,
			);
			name = Main.storyboard;
			sourceTree = "<group>";
		};
		FDFEBF54222E174800FD2687 /* LaunchScreen.storyboard */ = {
			isa = PBXVariantGroup;
			children = (
				FDFEBF55222E174800FD2687 /* Base */,
			);
			name = LaunchScreen.storyboard;
			sourceTree = "<group>";
		};
/* End PBXVariantGroup section */

/* Begin XCBuildConfiguration section */
		FDFEBF6E222E174800FD2687 /* Debug */ = {
			isa = XCBuildConfiguration;
			buildSettings = {
				ALWAYS_SEARCH_USER_PATHS = NO;
				CLANG_ANALYZER_NONNULL = YES;
				CLANG_ANALYZER_NUMBER_OBJECT_CONVERSION = YES_AGGRESSIVE;
				CLANG_CXX_LANGUAGE_STANDARD = "gnu++14";
				CLANG_CXX_LIBRARY = "libc++";
				CLANG_ENABLE_MODULES = YES;
				CLANG_ENABLE_OBJC_ARC = YES;
				CLANG_ENABLE_OBJC_WEAK = YES;
				CLANG_WARN_BLOCK_CAPTURE_AUTORELEASING = YES;
				CLANG_WARN_BOOL_CONVERSION = YES;
				CLANG_WARN_COMMA = YES;
				CLANG_WARN_CONSTANT_CONVERSION = YES;
				CLANG_WARN_DEPRECATED_OBJC_IMPLEMENTATIONS = YES;
				CLANG_WARN_DIRECT_OBJC_ISA_USAGE = YES_ERROR;
				CLANG_WARN_DOCUMENTATION_COMMENTS = YES;
				CLANG_WARN_EMPTY_BODY = YES;
				CLANG_WARN_ENUM_CONVERSION = YES;
				CLANG_WARN_INFINITE_RECURSION = YES;
				CLANG_WARN_INT_CONVERSION = YES;
				CLANG_WARN_NON_LITERAL_NULL_CONVERSION = YES;
				CLANG_WARN_OBJC_IMPLICIT_RETAIN_SELF = YES;
				CLANG_WARN_OBJC_LITERAL_CONVERSION = YES;
				CLANG_WARN_OBJC_ROOT_CLASS = YES_ERROR;
				CLANG_WARN_RANGE_LOOP_ANALYSIS = YES;
				CLANG_WARN_STRICT_PROTOTYPES = YES;
				CLANG_WARN_SUSPICIOUS_MOVE = YES;
				CLANG_WARN_UNGUARDED_AVAILABILITY = YES_AGGRESSIVE;
				CLANG_WARN_UNREACHABLE_CODE = YES;
				CLANG_WARN__DUPLICATE_METHOD_MATCH = YES;
				CODE_SIGN_IDENTITY = "iPhone Developer";
				COPY_PHASE_STRIP = NO;
				DEBUG_INFORMATION_FORMAT = dwarf;
				ENABLE_STRICT_OBJC_MSGSEND = YES;
				ENABLE_TESTABILITY = YES;
				GCC_C_LANGUAGE_STANDARD = gnu11;
				GCC_DYNAMIC_NO_PIC = NO;
				GCC_NO_COMMON_BLOCKS = YES;
				GCC_OPTIMIZATION_LEVEL = 0;
				GCC_PREPROCESSOR_DEFINITIONS = (
					"DEBUG=1",
					"$(inherited)",
				);
				GCC_WARN_64_TO_32_BIT_CONVERSION = YES;
				GCC_WARN_ABOUT_RETURN_TYPE = YES_ERROR;
				GCC_WARN_UNDECLARED_SELECTOR = YES;
				GCC_WARN_UNINITIALIZED_AUTOS = YES_AGGRESSIVE;
				GCC_WARN_UNUSED_FUNCTION = YES;
				GCC_WARN_UNUSED_VARIABLE = YES;
				IPHONEOS_DEPLOYMENT_TARGET = 12.1;
				MTL_ENABLE_DEBUG_INFO = INCLUDE_SOURCE;
				MTL_FAST_MATH = YES;
				ONLY_ACTIVE_ARCH = YES;
				SDKROOT = iphoneos;
				SWIFT_ACTIVE_COMPILATION_CONDITIONS = DEBUG;
				SWIFT_OPTIMIZATION_LEVEL = "-Onone";
			};
			name = Debug;
		};
		FDFEBF6F222E174800FD2687 /* Release */ = {
			isa = XCBuildConfiguration;
			buildSettings = {
				ALWAYS_SEARCH_USER_PATHS = NO;
				CLANG_ANALYZER_NONNULL = YES;
				CLANG_ANALYZER_NUMBER_OBJECT_CONVERSION = YES_AGGRESSIVE;
				CLANG_CXX_LANGUAGE_STANDARD = "gnu++14";
				CLANG_CXX_LIBRARY = "libc++";
				CLANG_ENABLE_MODULES = YES;
				CLANG_ENABLE_OBJC_ARC = YES;
				CLANG_ENABLE_OBJC_WEAK = YES;
				CLANG_WARN_BLOCK_CAPTURE_AUTORELEASING = YES;
				CLANG_WARN_BOOL_CONVERSION = YES;
				CLANG_WARN_COMMA = YES;
				CLANG_WARN_CONSTANT_CONVERSION = YES;
				CLANG_WARN_DEPRECATED_OBJC_IMPLEMENTATIONS = YES;
				CLANG_WARN_DIRECT_OBJC_ISA_USAGE = YES_ERROR;
				CLANG_WARN_DOCUMENTATION_COMMENTS = YES;
				CLANG_WARN_EMPTY_BODY = YES;
				CLANG_WARN_ENUM_CONVERSION = YES;
				CLANG_WARN_INFINITE_RECURSION = YES;
				CLANG_WARN_INT_CONVERSION = YES;
				CLANG_WARN_NON_LITERAL_NULL_CONVERSION = YES;
				CLANG_WARN_OBJC_IMPLICIT_RETAIN_SELF = YES;
				CLANG_WARN_OBJC_LITERAL_CONVERSION = YES;
				CLANG_WARN_OBJC_ROOT_CLASS = YES_ERROR;
				CLANG_WARN_RANGE_LOOP_ANALYSIS = YES;
				CLANG_WARN_STRICT_PROTOTYPES = YES;
				CLANG_WARN_SUSPICIOUS_MOVE = YES;
				CLANG_WARN_UNGUARDED_AVAILABILITY = YES_AGGRESSIVE;
				CLANG_WARN_UNREACHABLE_CODE = YES;
				CLANG_WARN__DUPLICATE_METHOD_MATCH = YES;
				CODE_SIGN_IDENTITY = "iPhone Developer";
				COPY_PHASE_STRIP = NO;
				DEBUG_INFORMATION_FORMAT = "dwarf-with-dsym";
				ENABLE_NS_ASSERTIONS = NO;
				ENABLE_STRICT_OBJC_MSGSEND = YES;
				GCC_C_LANGUAGE_STANDARD = gnu11;
				GCC_NO_COMMON_BLOCKS = YES;
				GCC_WARN_64_TO_32_BIT_CONVERSION = YES;
				GCC_WARN_ABOUT_RETURN_TYPE = YES_ERROR;
				GCC_WARN_UNDECLARED_SELECTOR = YES;
				GCC_WARN_UNINITIALIZED_AUTOS = YES_AGGRESSIVE;
				GCC_WARN_UNUSED_FUNCTION = YES;
				GCC_WARN_UNUSED_VARIABLE = YES;
				IPHONEOS_DEPLOYMENT_TARGET = 12.1;
				MTL_ENABLE_DEBUG_INFO = NO;
				MTL_FAST_MATH = YES;
				SDKROOT = iphoneos;
				SWIFT_COMPILATION_MODE = wholemodule;
				SWIFT_OPTIMIZATION_LEVEL = "-O";
				VALIDATE_PRODUCT = YES;
			};
			name = Release;
		};
		FDFEBF71222E174800FD2687 /* Debug */ = {
			isa = XCBuildConfiguration;
			buildSettings = {
				ASSETCATALOG_COMPILER_APPICON_NAME = AppIcon;
				CODE_SIGN_STYLE = Automatic;
				DEVELOPMENT_TEAM = 7A9JA8PNZH;
				INFOPLIST_FILE = SwitchBot/Info.plist;
				LD_RUNPATH_SEARCH_PATHS = (
					"$(inherited)",
					"@executable_path/Frameworks",
				);
				PRODUCT_BUNDLE_IDENTIFIER = switchBot.co.jp.oceanize.SwitchBot;
				PRODUCT_NAME = "$(TARGET_NAME)";
				SWIFT_VERSION = 4.2;
				TARGETED_DEVICE_FAMILY = "1,2";
			};
			name = Debug;
		};
		FDFEBF72222E174800FD2687 /* Release */ = {
			isa = XCBuildConfiguration;
			buildSettings = {
				ASSETCATALOG_COMPILER_APPICON_NAME = AppIcon;
				CODE_SIGN_STYLE = Automatic;
				DEVELOPMENT_TEAM = 7A9JA8PNZH;
				INFOPLIST_FILE = SwitchBot/Info.plist;
				LD_RUNPATH_SEARCH_PATHS = (
					"$(inherited)",
					"@executable_path/Frameworks",
				);
				PRODUCT_BUNDLE_IDENTIFIER = switchBot.co.jp.oceanize.SwitchBot;
				PRODUCT_NAME = "$(TARGET_NAME)";
				SWIFT_VERSION = 4.2;
				TARGETED_DEVICE_FAMILY = "1,2";
			};
			name = Release;
		};
		FDFEBF74222E174800FD2687 /* Debug */ = {
			isa = XCBuildConfiguration;
			buildSettings = {
				ALWAYS_EMBED_SWIFT_STANDARD_LIBRARIES = YES;
				BUNDLE_LOADER = "$(TEST_HOST)";
				CODE_SIGN_STYLE = Automatic;
				INFOPLIST_FILE = SwitchBotTests/Info.plist;
				LD_RUNPATH_SEARCH_PATHS = (
					"$(inherited)",
					"@executable_path/Frameworks",
					"@loader_path/Frameworks",
				);
				PRODUCT_BUNDLE_IDENTIFIER = switchBot.co.jp.oceanize.SwitchBotTests;
				PRODUCT_NAME = "$(TARGET_NAME)";
				SWIFT_VERSION = 4.2;
				TARGETED_DEVICE_FAMILY = "1,2";
				TEST_HOST = "$(BUILT_PRODUCTS_DIR)/SwitchBot.app/SwitchBot";
			};
			name = Debug;
		};
		FDFEBF75222E174800FD2687 /* Release */ = {
			isa = XCBuildConfiguration;
			buildSettings = {
				ALWAYS_EMBED_SWIFT_STANDARD_LIBRARIES = YES;
				BUNDLE_LOADER = "$(TEST_HOST)";
				CODE_SIGN_STYLE = Automatic;
				INFOPLIST_FILE = SwitchBotTests/Info.plist;
				LD_RUNPATH_SEARCH_PATHS = (
					"$(inherited)",
					"@executable_path/Frameworks",
					"@loader_path/Frameworks",
				);
				PRODUCT_BUNDLE_IDENTIFIER = switchBot.co.jp.oceanize.SwitchBotTests;
				PRODUCT_NAME = "$(TARGET_NAME)";
				SWIFT_VERSION = 4.2;
				TARGETED_DEVICE_FAMILY = "1,2";
				TEST_HOST = "$(BUILT_PRODUCTS_DIR)/SwitchBot.app/SwitchBot";
			};
			name = Release;
		};
		FDFEBF77222E174800FD2687 /* Debug */ = {
			isa = XCBuildConfiguration;
			buildSettings = {
				ALWAYS_EMBED_SWIFT_STANDARD_LIBRARIES = YES;
				CODE_SIGN_STYLE = Automatic;
				INFOPLIST_FILE = SwitchBotUITests/Info.plist;
				LD_RUNPATH_SEARCH_PATHS = (
					"$(inherited)",
					"@executable_path/Frameworks",
					"@loader_path/Frameworks",
				);
				PRODUCT_BUNDLE_IDENTIFIER = switchBot.co.jp.oceanize.SwitchBotUITests;
				PRODUCT_NAME = "$(TARGET_NAME)";
				SWIFT_VERSION = 4.2;
				TARGETED_DEVICE_FAMILY = "1,2";
				TEST_TARGET_NAME = SwitchBot;
			};
			name = Debug;
		};
		FDFEBF78222E174800FD2687 /* Release */ = {
			isa = XCBuildConfiguration;
			buildSettings = {
				ALWAYS_EMBED_SWIFT_STANDARD_LIBRARIES = YES;
				CODE_SIGN_STYLE = Automatic;
				INFOPLIST_FILE = SwitchBotUITests/Info.plist;
				LD_RUNPATH_SEARCH_PATHS = (
					"$(inherited)",
					"@executable_path/Frameworks",
					"@loader_path/Frameworks",
				);
				PRODUCT_BUNDLE_IDENTIFIER = switchBot.co.jp.oceanize.SwitchBotUITests;
				PRODUCT_NAME = "$(TARGET_NAME)";
				SWIFT_VERSION = 4.2;
				TARGETED_DEVICE_FAMILY = "1,2";
				TEST_TARGET_NAME = SwitchBot;
			};
			name = Release;
		};
/* End XCBuildConfiguration section */

/* Begin XCConfigurationList section */
		FDFEBF43222E174600FD2687 /* Build configuration list for PBXProject "SwitchBot" */ = {
			isa = XCConfigurationList;
			buildConfigurations = (
				FDFEBF6E222E174800FD2687 /* Debug */,
				FDFEBF6F222E174800FD2687 /* Release */,
			);
			defaultConfigurationIsVisible = 0;
			defaultConfigurationName = Release;
		};
		FDFEBF70222E174800FD2687 /* Build configuration list for PBXNativeTarget "SwitchBot" */ = {
			isa = XCConfigurationList;
			buildConfigurations = (
				FDFEBF71222E174800FD2687 /* Debug */,
				FDFEBF72222E174800FD2687 /* Release */,
			);
			defaultConfigurationIsVisible = 0;
			defaultConfigurationName = Release;
		};
		FDFEBF73222E174800FD2687 /* Build configuration list for PBXNativeTarget "SwitchBotTests" */ = {
			isa = XCConfigurationList;
			buildConfigurations = (
				FDFEBF74222E174800FD2687 /* Debug */,
				FDFEBF75222E174800FD2687 /* Release */,
			);
			defaultConfigurationIsVisible = 0;
			defaultConfigurationName = Release;
		};
		FDFEBF76222E174800FD2687 /* Build configuration list for PBXNativeTarget "SwitchBotUITests" */ = {
			isa = XCConfigurationList;
			buildConfigurations = (
				FDFEBF77222E174800FD2687 /* Debug */,
				FDFEBF78222E174800FD2687 /* Release */,
			);
			defaultConfigurationIsVisible = 0;
			defaultConfigurationName = Release;
		};
/* End XCConfigurationList section */
	};
	rootObject = FDFEBF40222E174600FD2687 /* Project object */;
}
